
Microsoft Visual Studio Solution File, Format Version 11.00
# Visual C# Express 2010
Project("{FAE04EC0-301F-11D3-BF4B-00C04F79EFBC}") = "Testy mapy", "Testy mapy\Testy mapy\Testy mapy.csproj", "{E21FE633-53DF-42F6-88BB-64811DC57DA5}"
EndProject
Project("{96E2B04D-8817-42C6-938A-82C39BA4D311}") = "Testy mapyContent", "Testy mapy\Testy mapyContent\Testy mapyContent.contentproj", "{C51BF851-8EF6-4418-89AF-431B1101CA79}"
EndProject
Global
	GlobalSection(SolutionConfigurationPlatforms) = preSolution
		Debug|x86 = Debug|x86
		Release|x86 = Release|x86
	EndGlobalSection
	GlobalSection(ProjectConfigurationPlatforms) = postSolution
		{E21FE633-53DF-42F6-88BB-64811DC57DA5}.Debug|x86.ActiveCfg = Debug|x86
		{E21FE633-53DF-42F6-88BB-64811DC57DA5}.Debug|x86.Build.0 = Debug|x86
		{E21FE633-53DF-42F6-88BB-64811DC57DA5}.Release|x86.ActiveCfg = Release|x86
		{E21FE633-53DF-42F6-88BB-64811DC57DA5}.Release|x86.Build.0 = Release|x86
		{C51BF851-8EF6-4418-89AF-431B1101CA79}.Debug|x86.ActiveCfg = Debug|x86
		{C51BF851-8EF6-4418-89AF-431B1101CA79}.Release|x86.ActiveCfg = Release|x86
	EndGlobalSection
	GlobalSection(SolutionProperties) = preSolution
		HideSolutionNode = FALSE
	EndGlobalSection
EndGlobal
